
Microsoft Visual Studio Solution File, Format Version 12.00
# Visual Studio 2015
Project("{FAE04EC0-301F-11D3-BF4B-00C04F79EFBC}") = "95game3", "95game3.csproj", "{630D1D73-E56C-92EF-BEF6-8D80B2C87470}"
EndProject
Global
	GlobalSection(SolutionConfigurationPlatforms) = preSolution
		Debug|Any CPU = Debug|Any CPU
		Release|Any CPU = Release|Any CPU
	EndGlobalSection
	GlobalSection(ProjectConfigurationPlatforms) = postSolution
		{630D1D73-E56C-92EF-BEF6-8D80B2C87470}.Debug|Any CPU.ActiveCfg = Debug|Any CPU
		{630D1D73-E56C-92EF-BEF6-8D80B2C87470}.Debug|Any CPU.Build.0 = Debug|Any CPU
		{630D1D73-E56C-92EF-BEF6-8D80B2C87470}.Release|Any CPU.ActiveCfg = Release|Any CPU
		{630D1D73-E56C-92EF-BEF6-8D80B2C87470}.Release|Any CPU.Build.0 = Release|Any CPU
	EndGlobalSection
	GlobalSection(SolutionProperties) = preSolution
		HideSolutionNode = FALSE
	EndGlobalSection
EndGlobal
